
Microsoft Visual Studio Solution File, Format Version 12.00
# Visual Studio Version 17
VisualStudioVersion = 17.10.34916.146
MinimumVisualStudioVersion = 10.0.40219.1
Project("{FAE04EC0-301F-11D3-BF4B-00C04F79EFBC}") = "AuthMVC", "AuthMVC\AuthMVC.csproj", "{0CD96298-6ED4-4AD8-87A6-1723970C6B01}"
EndProject
Global
	GlobalSection(SolutionConfigurationPlatforms) = preSolution
		Debug|Any CPU = Debug|Any CPU
		Release|Any CPU = Release|Any CPU
	EndGlobalSection
	GlobalSection(ProjectConfigurationPlatforms) = postSolution
		{0CD96298-6ED4-4AD8-87A6-1723970C6B01}.Debug|Any CPU.ActiveCfg = Debug|Any CPU
		{0CD96298-6ED4-4AD8-87A6-1723970C6B01}.Debug|Any CPU.Build.0 = Debug|Any CPU
		{0CD96298-6ED4-4AD8-87A6-1723970C6B01}.Release|Any CPU.ActiveCfg = Release|Any CPU
		{0CD96298-6ED4-4AD8-87A6-1723970C6B01}.Release|Any CPU.Build.0 = Release|Any CPU
	EndGlobalSection
	GlobalSection(SolutionProperties) = preSolution
		HideSolutionNode = FALSE
	EndGlobalSection
	GlobalSection(ExtensibilityGlobals) = postSolution
		SolutionGuid = {0462933B-94A7-4685-8CC9-127E1C42C746}
	EndGlobalSection
EndGlobal
